
Microsoft Visual Studio Solution File, Format Version 12.00
# Visual Studio Version 17
VisualStudioVersion = 17.10.34928.147
MinimumVisualStudioVersion = 10.0.40219.1
Project("{FAE04EC0-301F-11D3-BF4B-00C04F79EFBC}") = "MauiBugDemoApp2", "MauiBugDemoApp2.csproj", "{0C6D6B21-E9BB-4194-A05A-91509426326F}"
EndProject
Global
	GlobalSection(SolutionConfigurationPlatforms) = preSolution
		Debug|Any CPU = Debug|Any CPU
		Release|Any CPU = Release|Any CPU
	EndGlobalSection
	GlobalSection(ProjectConfigurationPlatforms) = postSolution
		{0C6D6B21-E9BB-4194-A05A-91509426326F}.Debug|Any CPU.ActiveCfg = Debug|Any CPU
		{0C6D6B21-E9BB-4194-A05A-91509426326F}.Debug|Any CPU.Build.0 = Debug|Any CPU
		{0C6D6B21-E9BB-4194-A05A-91509426326F}.Debug|Any CPU.Deploy.0 = Debug|Any CPU
		{0C6D6B21-E9BB-4194-A05A-91509426326F}.Release|Any CPU.ActiveCfg = Release|Any CPU
		{0C6D6B21-E9BB-4194-A05A-91509426326F}.Release|Any CPU.Build.0 = Release|Any CPU
		{0C6D6B21-E9BB-4194-A05A-91509426326F}.Release|Any CPU.Deploy.0 = Release|Any CPU
	EndGlobalSection
	GlobalSection(SolutionProperties) = preSolution
		HideSolutionNode = FALSE
	EndGlobalSection
	GlobalSection(ExtensibilityGlobals) = postSolution
		SolutionGuid = {DC2A94AE-7FF6-41E3-81D1-E0C79AEFA58B}
	EndGlobalSection
EndGlobal
